
Microsoft Visual Studio Solution File, Format Version 12.00
# Visual Studio Version 16
VisualStudioVersion = 16.0.29503.13
MinimumVisualStudioVersion = 10.0.40219.1
Project("{2150E333-8FDC-42A3-9474-1A3956D46DE8}") = "01.Clients", "01.Clients", "{3A6550CB-B467-4FE2-89A8-C2C42A388878}"
EndProject
Project("{2150E333-8FDC-42A3-9474-1A3956D46DE8}") = "02.Api.Gateways", "02.Api.Gateways", "{1179EB1D-D342-48E6-BCDF-A220DE335C89}"
EndProject
Project("{2150E333-8FDC-42A3-9474-1A3956D46DE8}") = "03.Services", "03.Services", "{CAF7A7FD-5AF0-4E57-9F7F-00528DA90E85}"
EndProject
Project("{2150E333-8FDC-42A3-9474-1A3956D46DE8}") = "01.Identity", "01.Identity", "{B83B5C85-C639-4400-A224-7DD7BCAE458C}"
EndProject
Project("{2150E333-8FDC-42A3-9474-1A3956D46DE8}") = "02.Catalog", "02.Catalog", "{A53D1444-5BF2-4577-BEB7-712086321360}"
EndProject
Project("{2150E333-8FDC-42A3-9474-1A3956D46DE8}") = "03.Customer", "03.Customer", "{7098EAD1-79D8-4A2A-A4F1-CFD3CCE5DB0B}"
EndProject
Project("{2150E333-8FDC-42A3-9474-1A3956D46DE8}") = "04.Order", "04.Order", "{8BB8DFD9-F431-4328-96C1-F607E4B643B7}"
EndProject
Project("{9A19103F-16F7-4668-BE54-9A1E7A4F7556}") = "Catalog.Api", "src\Services\Catalog\Catalog.Api\Catalog.Api.csproj", "{9642526D-D574-4488-9D2F-146FDDABD69F}"
EndProject
Project("{2150E333-8FDC-42A3-9474-1A3956D46DE8}") = "01.API", "01.API", "{9537D096-BD1B-4198-A302-6CF1E2513BB5}"
EndProject
Project("{2150E333-8FDC-42A3-9474-1A3956D46DE8}") = "02.Services", "02.Services", "{8CC649B4-EAED-4289-BDBE-D1988F9D83D8}"
EndProject
Project("{2150E333-8FDC-42A3-9474-1A3956D46DE8}") = "03.Persistence", "03.Persistence", "{F49DBCC8-F96E-42EB-93BA-E11CDAEDC165}"
EndProject
Project("{2150E333-8FDC-42A3-9474-1A3956D46DE8}") = "04.Models", "04.Models", "{ACEA8B91-DB2E-4134-A507-8DB68B0EAE03}"
EndProject
Project("{9A19103F-16F7-4668-BE54-9A1E7A4F7556}") = "Catalog.Domain", "src\Services\Catalog\Catalog.Domain\Catalog.Domain.csproj", "{4BCE227F-6773-45CF-9AA9-6F75D0D7F275}"
EndProject
Project("{9A19103F-16F7-4668-BE54-9A1E7A4F7556}") = "Catalog.Service.Queries", "src\Services\Catalog\Catalog.Service.Queries\Catalog.Service.Queries.csproj", "{E84817FB-4FA7-493F-9A40-E232879FCBF4}"
EndProject
Project("{2150E333-8FDC-42A3-9474-1A3956D46DE8}") = "Common", "Common", "{2C32928D-9720-4EAF-BCBF-28A63C949167}"
EndProject
Project("{9A19103F-16F7-4668-BE54-9A1E7A4F7556}") = "Service.Common.Collection", "src\Services\Service.Common.Collection\Service.Common.Collection.csproj", "{4AF671BC-F173-4A6D-8506-43DF154234CE}"
EndProject
Project("{9A19103F-16F7-4668-BE54-9A1E7A4F7556}") = "Service.Common.Mapping", "src\Services\Service.Common.Mapping\Service.Common.Mapping.csproj", "{62912BFA-2D9E-43EE-8778-FDF84BEF20C5}"
EndProject
Project("{9A19103F-16F7-4668-BE54-9A1E7A4F7556}") = "Service.Common.Paging", "src\Services\Service.Common.Paging\Service.Common.Paging.csproj", "{04CD3268-C43E-4B7B-A28A-70CA1AB4CF28}"
EndProject
Project("{9A19103F-16F7-4668-BE54-9A1E7A4F7556}") = "Catalog.Service.EventHandlers", "src\Services\Catalog\Catalog.Service.EventHandlers\Catalog.Service.EventHandlers.csproj", "{5EDF856B-3CBD-4593-A148-869BEF7B9732}"
EndProject
Project("{9A19103F-16F7-4668-BE54-9A1E7A4F7556}") = "Catalog.Persistence.Database", "src\Services\Catalog\Catalog.Persistence.Database\Catalog.Persistence.Database.csproj", "{8B1D2CCC-4E37-4A83-8431-57A640C98B03}"
EndProject
Project("{2150E333-8FDC-42A3-9474-1A3956D46DE8}") = "05.Common", "05.Common", "{D551A0DC-887E-4082-B2C2-425E85278590}"
EndProject
Project("{9A19103F-16F7-4668-BE54-9A1E7A4F7556}") = "Catalog.Common", "src\Services\Catalog\Catalog.Common\Catalog.Common.csproj", "{931FD6B7-EFB9-4AE9-9C49-A057118A8511}"
EndProject
Project("{2150E333-8FDC-42A3-9474-1A3956D46DE8}") = "04.Common", "04.Common", "{48EB187D-D9B8-4E0F-888C-7B0F7301824B}"
EndProject
Project("{9A19103F-16F7-4668-BE54-9A1E7A4F7556}") = "Common.Logging", "src\Common\Common.Logging\Common.Logging.csproj", "{ED27C9F8-63BB-4D01-8DE7-5ED49203A321}"
EndProject
Project("{2150E333-8FDC-42A3-9474-1A3956D46DE8}") = "06.Testing", "06.Testing", "{2CD5852F-1689-4BFC-A0AD-2926F9374246}"
EndProject
Project("{FAE04EC0-301F-11D3-BF4B-00C04F79EFBC}") = "Catalog.Tests", "src\Services\Catalog\Catalog.Tests\Catalog.Tests.csproj", "{8294D691-E449-4816-B286-2DE99E430580}"
EndProject
Global
	GlobalSection(SolutionConfigurationPlatforms) = preSolution
		Debug|Any CPU = Debug|Any CPU
		Release|Any CPU = Release|Any CPU
	EndGlobalSection
	GlobalSection(ProjectConfigurationPlatforms) = postSolution
		{9642526D-D574-4488-9D2F-146FDDABD69F}.Debug|Any CPU.ActiveCfg = Debug|Any CPU
		{9642526D-D574-4488-9D2F-146FDDABD69F}.Debug|Any CPU.Build.0 = Debug|Any CPU
		{9642526D-D574-4488-9D2F-146FDDABD69F}.Release|Any CPU.ActiveCfg = Release|Any CPU
		{9642526D-D574-4488-9D2F-146FDDABD69F}.Release|Any CPU.Build.0 = Release|Any CPU
		{4BCE227F-6773-45CF-9AA9-6F75D0D7F275}.Debug|Any CPU.ActiveCfg = Debug|Any CPU
		{4BCE227F-6773-45CF-9AA9-6F75D0D7F275}.Debug|Any CPU.Build.0 = Debug|Any CPU
		{4BCE227F-6773-45CF-9AA9-6F75D0D7F275}.Release|Any CPU.ActiveCfg = Release|Any CPU
		{4BCE227F-6773-45CF-9AA9-6F75D0D7F275}.Release|Any CPU.Build.0 = Release|Any CPU
		{E84817FB-4FA7-493F-9A40-E232879FCBF4}.Debug|Any CPU.ActiveCfg = Debug|Any CPU
		{E84817FB-4FA7-493F-9A40-E232879FCBF4}.Debug|Any CPU.Build.0 = Debug|Any CPU
		{E84817FB-4FA7-493F-9A40-E232879FCBF4}.Release|Any CPU.ActiveCfg = Release|Any CPU
		{E84817FB-4FA7-493F-9A40-E232879FCBF4}.Release|Any CPU.Build.0 = Release|Any CPU
		{4AF671BC-F173-4A6D-8506-43DF154234CE}.Debug|Any CPU.ActiveCfg = Debug|Any CPU
		{4AF671BC-F173-4A6D-8506-43DF154234CE}.Debug|Any CPU.Build.0 = Debug|Any CPU
		{4AF671BC-F173-4A6D-8506-43DF154234CE}.Release|Any CPU.ActiveCfg = Release|Any CPU
		{4AF671BC-F173-4A6D-8506-43DF154234CE}.Release|Any CPU.Build.0 = Release|Any CPU
		{62912BFA-2D9E-43EE-8778-FDF84BEF20C5}.Debug|Any CPU.ActiveCfg = Debug|Any CPU
		{62912BFA-2D9E-43EE-8778-FDF84BEF20C5}.Debug|Any CPU.Build.0 = Debug|Any CPU
		{62912BFA-2D9E-43EE-8778-FDF84BEF20C5}.Release|Any CPU.ActiveCfg = Release|Any CPU
		{62912BFA-2D9E-43EE-8778-FDF84BEF20C5}.Release|Any CPU.Build.0 = Release|Any CPU
		{04CD3268-C43E-4B7B-A28A-70CA1AB4CF28}.Debug|Any CPU.ActiveCfg = Debug|Any CPU
		{04CD3268-C43E-4B7B-A28A-70CA1AB4CF28}.Debug|Any CPU.Build.0 = Debug|Any CPU
		{04CD3268-C43E-4B7B-A28A-70CA1AB4CF28}.Release|Any CPU.ActiveCfg = Release|Any CPU
		{04CD3268-C43E-4B7B-A28A-70CA1AB4CF28}.Release|Any CPU.Build.0 = Release|Any CPU
		{5EDF856B-3CBD-4593-A148-869BEF7B9732}.Debug|Any CPU.ActiveCfg = Debug|Any CPU
		{5EDF856B-3CBD-4593-A148-869BEF7B9732}.Debug|Any CPU.Build.0 = Debug|Any CPU
		{5EDF856B-3CBD-4593-A148-869BEF7B9732}.Release|Any CPU.ActiveCfg = Release|Any CPU
		{5EDF856B-3CBD-4593-A148-869BEF7B9732}.Release|Any CPU.Build.0 = Release|Any CPU
		{8B1D2CCC-4E37-4A83-8431-57A640C98B03}.Debug|Any CPU.ActiveCfg = Debug|Any CPU
		{8B1D2CCC-4E37-4A83-8431-57A640C98B03}.Debug|Any CPU.Build.0 = Debug|Any CPU
		{8B1D2CCC-4E37-4A83-8431-57A640C98B03}.Release|Any CPU.ActiveCfg = Release|Any CPU
		{8B1D2CCC-4E37-4A83-8431-57A640C98B03}.Release|Any CPU.Build.0 = Release|Any CPU
		{931FD6B7-EFB9-4AE9-9C49-A057118A8511}.Debug|Any CPU.ActiveCfg = Debug|Any CPU
		{931FD6B7-EFB9-4AE9-9C49-A057118A8511}.Debug|Any CPU.Build.0 = Debug|Any CPU
		{931FD6B7-EFB9-4AE9-9C49-A057118A8511}.Release|Any CPU.ActiveCfg = Release|Any CPU
		{931FD6B7-EFB9-4AE9-9C49-A057118A8511}.Release|Any CPU.Build.0 = Release|Any CPU
		{ED27C9F8-63BB-4D01-8DE7-5ED49203A321}.Debug|Any CPU.ActiveCfg = Debug|Any CPU
		{ED27C9F8-63BB-4D01-8DE7-5ED49203A321}.Debug|Any CPU.Build.0 = Debug|Any CPU
		{ED27C9F8-63BB-4D01-8DE7-5ED49203A321}.Release|Any CPU.ActiveCfg = Release|Any CPU
		{ED27C9F8-63BB-4D01-8DE7-5ED49203A321}.Release|Any CPU.Build.0 = Release|Any CPU
		{8294D691-E449-4816-B286-2DE99E430580}.Debug|Any CPU.ActiveCfg = Debug|Any CPU
		{8294D691-E449-4816-B286-2DE99E430580}.Debug|Any CPU.Build.0 = Debug|Any CPU
		{8294D691-E449-4816-B286-2DE99E430580}.Release|Any CPU.ActiveCfg = Release|Any CPU
		{8294D691-E449-4816-B286-2DE99E430580}.Release|Any CPU.Build.0 = Release|Any CPU
	EndGlobalSection
	GlobalSection(SolutionProperties) = preSolution
		HideSolutionNode = FALSE
	EndGlobalSection
	GlobalSection(NestedProjects) = preSolution
		{B83B5C85-C639-4400-A224-7DD7BCAE458C} = {CAF7A7FD-5AF0-4E57-9F7F-00528DA90E85}
		{A53D1444-5BF2-4577-BEB7-712086321360} = {CAF7A7FD-5AF0-4E57-9F7F-00528DA90E85}
		{7098EAD1-79D8-4A2A-A4F1-CFD3CCE5DB0B} = {CAF7A7FD-5AF0-4E57-9F7F-00528DA90E85}
		{8BB8DFD9-F431-4328-96C1-F607E4B643B7} = {CAF7A7FD-5AF0-4E57-9F7F-00528DA90E85}
		{9642526D-D574-4488-9D2F-146FDDABD69F} = {9537D096-BD1B-4198-A302-6CF1E2513BB5}
		{9537D096-BD1B-4198-A302-6CF1E2513BB5} = {A53D1444-5BF2-4577-BEB7-712086321360}
		{8CC649B4-EAED-4289-BDBE-D1988F9D83D8} = {A53D1444-5BF2-4577-BEB7-712086321360}
		{F49DBCC8-F96E-42EB-93BA-E11CDAEDC165} = {A53D1444-5BF2-4577-BEB7-712086321360}
		{ACEA8B91-DB2E-4134-A507-8DB68B0EAE03} = {A53D1444-5BF2-4577-BEB7-712086321360}
		{4BCE227F-6773-45CF-9AA9-6F75D0D7F275} = {ACEA8B91-DB2E-4134-A507-8DB68B0EAE03}
		{E84817FB-4FA7-493F-9A40-E232879FCBF4} = {8CC649B4-EAED-4289-BDBE-D1988F9D83D8}
		{2C32928D-9720-4EAF-BCBF-28A63C949167} = {CAF7A7FD-5AF0-4E57-9F7F-00528DA90E85}
		{4AF671BC-F173-4A6D-8506-43DF154234CE} = {2C32928D-9720-4EAF-BCBF-28A63C949167}
		{62912BFA-2D9E-43EE-8778-FDF84BEF20C5} = {2C32928D-9720-4EAF-BCBF-28A63C949167}
		{04CD3268-C43E-4B7B-A28A-70CA1AB4CF28} = {2C32928D-9720-4EAF-BCBF-28A63C949167}
		{5EDF856B-3CBD-4593-A148-869BEF7B9732} = {8CC649B4-EAED-4289-BDBE-D1988F9D83D8}
		{8B1D2CCC-4E37-4A83-8431-57A640C98B03} = {F49DBCC8-F96E-42EB-93BA-E11CDAEDC165}
		{D551A0DC-887E-4082-B2C2-425E85278590} = {A53D1444-5BF2-4577-BEB7-712086321360}
		{931FD6B7-EFB9-4AE9-9C49-A057118A8511} = {D551A0DC-887E-4082-B2C2-425E85278590}
		{ED27C9F8-63BB-4D01-8DE7-5ED49203A321} = {48EB187D-D9B8-4E0F-888C-7B0F7301824B}
		{2CD5852F-1689-4BFC-A0AD-2926F9374246} = {A53D1444-5BF2-4577-BEB7-712086321360}
		{8294D691-E449-4816-B286-2DE99E430580} = {2CD5852F-1689-4BFC-A0AD-2926F9374246}
	EndGlobalSection
	GlobalSection(ExtensibilityGlobals) = postSolution
		SolutionGuid = {C5D5A3FB-785F-4E85-90B1-AB419CBBFC6A}
	EndGlobalSection
EndGlobal
