
Microsoft Visual Studio Solution File, Format Version 12.00
# Visual Studio Version 16
VisualStudioVersion = 16.0.29503.13
MinimumVisualStudioVersion = 10.0.40219.1
Project("{2150E333-8FDC-42A3-9474-1A3956D46DE8}") = "01.Clients", "01.Clients", "{3A6550CB-B467-4FE2-89A8-C2C42A388878}"
EndProject
Project("{2150E333-8FDC-42A3-9474-1A3956D46DE8}") = "02.Api.Gateways", "02.Api.Gateways", "{1179EB1D-D342-48E6-BCDF-A220DE335C89}"
EndProject
Project("{2150E333-8FDC-42A3-9474-1A3956D46DE8}") = "03.Services", "03.Services", "{CAF7A7FD-5AF0-4E57-9F7F-00528DA90E85}"
EndProject
Project("{2150E333-8FDC-42A3-9474-1A3956D46DE8}") = "01.Identity", "01.Identity", "{B83B5C85-C639-4400-A224-7DD7BCAE458C}"
EndProject
Project("{2150E333-8FDC-42A3-9474-1A3956D46DE8}") = "02.Catalog", "02.Catalog", "{A53D1444-5BF2-4577-BEB7-712086321360}"
EndProject
Project("{2150E333-8FDC-42A3-9474-1A3956D46DE8}") = "03.Customer", "03.Customer", "{7098EAD1-79D8-4A2A-A4F1-CFD3CCE5DB0B}"
EndProject
Project("{2150E333-8FDC-42A3-9474-1A3956D46DE8}") = "04.Order", "04.Order", "{8BB8DFD9-F431-4328-96C1-F607E4B643B7}"
EndProject
Project("{FAE04EC0-301F-11D3-BF4B-00C04F79EFBC}") = "Catalog.Api", "src\Services\Catalog\Catalog.Api\Catalog.Api.csproj", "{9642526D-D574-4488-9D2F-146FDDABD69F}"
EndProject
Project("{2150E333-8FDC-42A3-9474-1A3956D46DE8}") = "01.API", "01.API", "{9537D096-BD1B-4198-A302-6CF1E2513BB5}"
EndProject
Project("{2150E333-8FDC-42A3-9474-1A3956D46DE8}") = "02.Services", "02.Services", "{8CC649B4-EAED-4289-BDBE-D1988F9D83D8}"
EndProject
Project("{2150E333-8FDC-42A3-9474-1A3956D46DE8}") = "03.Persistence", "03.Persistence", "{F49DBCC8-F96E-42EB-93BA-E11CDAEDC165}"
EndProject
Project("{2150E333-8FDC-42A3-9474-1A3956D46DE8}") = "04.Models", "04.Models", "{ACEA8B91-DB2E-4134-A507-8DB68B0EAE03}"
EndProject
Project("{FAE04EC0-301F-11D3-BF4B-00C04F79EFBC}") = "Catalog.Domain", "src\Services\Catalog\Catalog.Domain\Catalog.Domain.csproj", "{4BCE227F-6773-45CF-9AA9-6F75D0D7F275}"
EndProject
Project("{FAE04EC0-301F-11D3-BF4B-00C04F79EFBC}") = "Catalog.Persistence.Database", "src\Services\Catalog\Catalog.Persistence.Database\Catalog.Persistence.Database.csproj", "{4890713D-59B8-426D-BD08-526473B84607}"
EndProject
Global
	GlobalSection(SolutionConfigurationPlatforms) = preSolution
		Debug|Any CPU = Debug|Any CPU
		Release|Any CPU = Release|Any CPU
	EndGlobalSection
	GlobalSection(ProjectConfigurationPlatforms) = postSolution
		{9642526D-D574-4488-9D2F-146FDDABD69F}.Debug|Any CPU.ActiveCfg = Debug|Any CPU
		{9642526D-D574-4488-9D2F-146FDDABD69F}.Debug|Any CPU.Build.0 = Debug|Any CPU
		{9642526D-D574-4488-9D2F-146FDDABD69F}.Release|Any CPU.ActiveCfg = Release|Any CPU
		{9642526D-D574-4488-9D2F-146FDDABD69F}.Release|Any CPU.Build.0 = Release|Any CPU
		{4BCE227F-6773-45CF-9AA9-6F75D0D7F275}.Debug|Any CPU.ActiveCfg = Debug|Any CPU
		{4BCE227F-6773-45CF-9AA9-6F75D0D7F275}.Debug|Any CPU.Build.0 = Debug|Any CPU
		{4BCE227F-6773-45CF-9AA9-6F75D0D7F275}.Release|Any CPU.ActiveCfg = Release|Any CPU
		{4BCE227F-6773-45CF-9AA9-6F75D0D7F275}.Release|Any CPU.Build.0 = Release|Any CPU
		{4890713D-59B8-426D-BD08-526473B84607}.Debug|Any CPU.ActiveCfg = Debug|Any CPU
		{4890713D-59B8-426D-BD08-526473B84607}.Debug|Any CPU.Build.0 = Debug|Any CPU
		{4890713D-59B8-426D-BD08-526473B84607}.Release|Any CPU.ActiveCfg = Release|Any CPU
		{4890713D-59B8-426D-BD08-526473B84607}.Release|Any CPU.Build.0 = Release|Any CPU
	EndGlobalSection
	GlobalSection(SolutionProperties) = preSolution
		HideSolutionNode = FALSE
	EndGlobalSection
	GlobalSection(NestedProjects) = preSolution
		{B83B5C85-C639-4400-A224-7DD7BCAE458C} = {CAF7A7FD-5AF0-4E57-9F7F-00528DA90E85}
		{A53D1444-5BF2-4577-BEB7-712086321360} = {CAF7A7FD-5AF0-4E57-9F7F-00528DA90E85}
		{7098EAD1-79D8-4A2A-A4F1-CFD3CCE5DB0B} = {CAF7A7FD-5AF0-4E57-9F7F-00528DA90E85}
		{8BB8DFD9-F431-4328-96C1-F607E4B643B7} = {CAF7A7FD-5AF0-4E57-9F7F-00528DA90E85}
		{9642526D-D574-4488-9D2F-146FDDABD69F} = {9537D096-BD1B-4198-A302-6CF1E2513BB5}
		{9537D096-BD1B-4198-A302-6CF1E2513BB5} = {A53D1444-5BF2-4577-BEB7-712086321360}
		{8CC649B4-EAED-4289-BDBE-D1988F9D83D8} = {A53D1444-5BF2-4577-BEB7-712086321360}
		{F49DBCC8-F96E-42EB-93BA-E11CDAEDC165} = {A53D1444-5BF2-4577-BEB7-712086321360}
		{ACEA8B91-DB2E-4134-A507-8DB68B0EAE03} = {A53D1444-5BF2-4577-BEB7-712086321360}
		{4BCE227F-6773-45CF-9AA9-6F75D0D7F275} = {ACEA8B91-DB2E-4134-A507-8DB68B0EAE03}
		{4890713D-59B8-426D-BD08-526473B84607} = {F49DBCC8-F96E-42EB-93BA-E11CDAEDC165}
	EndGlobalSection
	GlobalSection(ExtensibilityGlobals) = postSolution
		SolutionGuid = {C5D5A3FB-785F-4E85-90B1-AB419CBBFC6A}
	EndGlobalSection
EndGlobal
